// !$*UTF8*$!
{
	archiveVersion = 1;
	classes = {
	};
	objectVersion = 56;
	objects = {

/* Begin PBXBuildFile section */
		D36DBEFD2BBCE8A400D7CD7D /* DepartmentListView.swift in Sources */ = {isa = PBXBuildFile; fileRef = D36DBEFC2BBCE8A400D7CD7D /* DepartmentListView.swift */; };
		D3DA100B2BBB9307003ADB02 /* The Metropolitan Museum of Art on a Watch Watch App.app in Embed Watch Content */ = {isa = PBXBuildFile; fileRef = D3DA100A2BBB9307003ADB02 /* The Metropolitan Museum of Art on a Watch Watch App.app */; settings = {ATTRIBUTES = (RemoveHeadersOnCopy, ); }; };
		D3DA10102BBB9307003ADB02 /* The_Metropolitan_Museum_of_Art_on_a_WatchApp.swift in Sources */ = {isa = PBXBuildFile; fileRef = D3DA100F2BBB9307003ADB02 /* The_Metropolitan_Museum_of_Art_on_a_WatchApp.swift */; };
		D3DA10122BBB9307003ADB02 /* ContentView.swift in Sources */ = {isa = PBXBuildFile; fileRef = D3DA10112BBB9307003ADB02 /* ContentView.swift */; };
		D3DA10142BBB9308003ADB02 /* Assets.xcassets in Resources */ = {isa = PBXBuildFile; fileRef = D3DA10132BBB9308003ADB02 /* Assets.xcassets */; };
		D3DA10172BBB9308003ADB02 /* Preview Assets.xcassets in Resources */ = {isa = PBXBuildFile; fileRef = D3DA10162BBB9308003ADB02 /* Preview Assets.xcassets */; };
		D3DA10242BBB9349003ADB02 /* TheMetMuseumAPI.swift in Sources */ = {isa = PBXBuildFile; fileRef = D3DA10232BBB9349003ADB02 /* TheMetMuseumAPI.swift */; };
		D3DA10262BBB9350003ADB02 /* Department.swift in Sources */ = {isa = PBXBuildFile; fileRef = D3DA10252BBB9350003ADB02 /* Department.swift */; };
		D3DA10282BBB9355003ADB02 /* Search.swift in Sources */ = {isa = PBXBuildFile; fileRef = D3DA10272BBB9355003ADB02 /* Search.swift */; };
		D3DA102A2BBB935B003ADB02 /* Objects.swift in Sources */ = {isa = PBXBuildFile; fileRef = D3DA10292BBB935B003ADB02 /* Objects.swift */; };
		D3EDA7132BBCF62B00EA2B86 /* ObjectDetailView.swift in Sources */ = {isa = PBXBuildFile; fileRef = D3EDA7122BBCF62B00EA2B86 /* ObjectDetailView.swift */; };
/* End PBXBuildFile section */

/* Begin PBXContainerItemProxy section */
		D3DA100C2BBB9307003ADB02 /* PBXContainerItemProxy */ = {
			isa = PBXContainerItemProxy;
			containerPortal = D3DA0FFE2BBB9307003ADB02 /* Project object */;
			proxyType = 1;
			remoteGlobalIDString = D3DA10092BBB9307003ADB02;
			remoteInfo = "The Metropolitan Museum of Art on a Watch Watch App";
		};
/* End PBXContainerItemProxy section */

/* Begin PBXCopyFilesBuildPhase section */
		D3DA101D2BBB9308003ADB02 /* Embed Watch Content */ = {
			isa = PBXCopyFilesBuildPhase;
			buildActionMask = 2147483647;
			dstPath = "$(CONTENTS_FOLDER_PATH)/Watch";
			dstSubfolderSpec = 16;
			files = (
				D3DA100B2BBB9307003ADB02 /* The Metropolitan Museum of Art on a Watch Watch App.app in Embed Watch Content */,
			);
			name = "Embed Watch Content";
			runOnlyForDeploymentPostprocessing = 0;
		};
/* End PBXCopyFilesBuildPhase section */

/* Begin PBXFileReference section */
		D36DBEFC2BBCE8A400D7CD7D /* DepartmentListView.swift */ = {isa = PBXFileReference; lastKnownFileType = sourcecode.swift; path = DepartmentListView.swift; sourceTree = "<group>"; };
		D3DA10042BBB9307003ADB02 /* The Metropolitan Museum of Art on a Watch.app */ = {isa = PBXFileReference; explicitFileType = wrapper.application; includeInIndex = 0; path = "The Metropolitan Museum of Art on a Watch.app"; sourceTree = BUILT_PRODUCTS_DIR; };
		D3DA100A2BBB9307003ADB02 /* The Metropolitan Museum of Art on a Watch Watch App.app */ = {isa = PBXFileReference; explicitFileType = wrapper.application; includeInIndex = 0; path = "The Metropolitan Museum of Art on a Watch Watch App.app"; sourceTree = BUILT_PRODUCTS_DIR; };
		D3DA100F2BBB9307003ADB02 /* The_Metropolitan_Museum_of_Art_on_a_WatchApp.swift */ = {isa = PBXFileReference; lastKnownFileType = sourcecode.swift; path = The_Metropolitan_Museum_of_Art_on_a_WatchApp.swift; sourceTree = "<group>"; };
		D3DA10112BBB9307003ADB02 /* ContentView.swift */ = {isa = PBXFileReference; lastKnownFileType = sourcecode.swift; path = ContentView.swift; sourceTree = "<group>"; };
		D3DA10132BBB9308003ADB02 /* Assets.xcassets */ = {isa = PBXFileReference; lastKnownFileType = folder.assetcatalog; path = Assets.xcassets; sourceTree = "<group>"; };
		D3DA10162BBB9308003ADB02 /* Preview Assets.xcassets */ = {isa = PBXFileReference; lastKnownFileType = folder.assetcatalog; path = "Preview Assets.xcassets"; sourceTree = "<group>"; };
		D3DA10232BBB9349003ADB02 /* TheMetMuseumAPI.swift */ = {isa = PBXFileReference; lastKnownFileType = sourcecode.swift; path = TheMetMuseumAPI.swift; sourceTree = "<group>"; };
		D3DA10252BBB9350003ADB02 /* Department.swift */ = {isa = PBXFileReference; lastKnownFileType = sourcecode.swift; path = Department.swift; sourceTree = "<group>"; };
		D3DA10272BBB9355003ADB02 /* Search.swift */ = {isa = PBXFileReference; lastKnownFileType = sourcecode.swift; path = Search.swift; sourceTree = "<group>"; };
		D3DA10292BBB935B003ADB02 /* Objects.swift */ = {isa = PBXFileReference; lastKnownFileType = sourcecode.swift; path = Objects.swift; sourceTree = "<group>"; };
		D3EDA7122BBCF62B00EA2B86 /* ObjectDetailView.swift */ = {isa = PBXFileReference; lastKnownFileType = sourcecode.swift; path = ObjectDetailView.swift; sourceTree = "<group>"; };
/* End PBXFileReference section */

/* Begin PBXFrameworksBuildPhase section */
		D3DA10072BBB9307003ADB02 /* Frameworks */ = {
			isa = PBXFrameworksBuildPhase;
			buildActionMask = 2147483647;
			files = (
			);
			runOnlyForDeploymentPostprocessing = 0;
		};
/* End PBXFrameworksBuildPhase section */

/* Begin PBXGroup section */
		D3DA0FFD2BBB9307003ADB02 = {
			isa = PBXGroup;
			children = (
				D3DA100E2BBB9307003ADB02 /* The Metropolitan Museum of Art on a Watch Watch App */,
				D3DA10052BBB9307003ADB02 /* Products */,
			);
			sourceTree = "<group>";
		};
		D3DA10052BBB9307003ADB02 /* Products */ = {
			isa = PBXGroup;
			children = (
				D3DA10042BBB9307003ADB02 /* The Metropolitan Museum of Art on a Watch.app */,
				D3DA100A2BBB9307003ADB02 /* The Metropolitan Museum of Art on a Watch Watch App.app */,
			);
			name = Products;
			sourceTree = "<group>";
		};
		D3DA100E2BBB9307003ADB02 /* The Metropolitan Museum of Art on a Watch Watch App */ = {
			isa = PBXGroup;
			children = (
				D3DA10222BBB9341003ADB02 /* API */,
				D3DA10212BBB933E003ADB02 /* Types */,
				D3DA100F2BBB9307003ADB02 /* The_Metropolitan_Museum_of_Art_on_a_WatchApp.swift */,
				D3DA10112BBB9307003ADB02 /* ContentView.swift */,
				D3DA10132BBB9308003ADB02 /* Assets.xcassets */,
				D3DA10152BBB9308003ADB02 /* Preview Content */,
				D36DBEFC2BBCE8A400D7CD7D /* DepartmentListView.swift */,
				D3EDA7122BBCF62B00EA2B86 /* ObjectDetailView.swift */,
			);
			path = "The Metropolitan Museum of Art on a Watch Watch App";
			sourceTree = "<group>";
		};
		D3DA10152BBB9308003ADB02 /* Preview Content */ = {
			isa = PBXGroup;
			children = (
				D3DA10162BBB9308003ADB02 /* Preview Assets.xcassets */,
			);
			path = "Preview Content";
			sourceTree = "<group>";
		};
		D3DA10212BBB933E003ADB02 /* Types */ = {
			isa = PBXGroup;
			children = (
				D3DA10252BBB9350003ADB02 /* Department.swift */,
				D3DA10272BBB9355003ADB02 /* Search.swift */,
				D3DA10292BBB935B003ADB02 /* Objects.swift */,
			);
			path = Types;
			sourceTree = "<group>";
		};
		D3DA10222BBB9341003ADB02 /* API */ = {
			isa = PBXGroup;
			children = (
				D3DA10232BBB9349003ADB02 /* TheMetMuseumAPI.swift */,
			);
			path = API;
			sourceTree = "<group>";
		};
/* End PBXGroup section */

/* Begin PBXNativeTarget section */
		D3DA10032BBB9307003ADB02 /* The Metropolitan Museum of Art on a Watch */ = {
			isa = PBXNativeTarget;
			buildConfigurationList = D3DA101E2BBB9308003ADB02 /* Build configuration list for PBXNativeTarget "The Metropolitan Museum of Art on a Watch" */;
			buildPhases = (
				D3DA10022BBB9307003ADB02 /* Resources */,
				D3DA101D2BBB9308003ADB02 /* Embed Watch Content */,
			);
			buildRules = (
			);
			dependencies = (
				D3DA100D2BBB9307003ADB02 /* PBXTargetDependency */,
			);
			name = "The Metropolitan Museum of Art on a Watch";
			productName = "The Metropolitan Museum of Art on a Watch";
			productReference = D3DA10042BBB9307003ADB02 /* The Metropolitan Museum of Art on a Watch.app */;
			productType = "com.apple.product-type.application.watchapp2-container";
		};
		D3DA10092BBB9307003ADB02 /* The Metropolitan Museum of Art on a Watch Watch App */ = {
			isa = PBXNativeTarget;
			buildConfigurationList = D3DA101A2BBB9308003ADB02 /* Build configuration list for PBXNativeTarget "The Metropolitan Museum of Art on a Watch Watch App" */;
			buildPhases = (
				D3DA10062BBB9307003ADB02 /* Sources */,
				D3DA10072BBB9307003ADB02 /* Frameworks */,
				D3DA10082BBB9307003ADB02 /* Resources */,
			);
			buildRules = (
			);
			dependencies = (
			);
			name = "The Metropolitan Museum of Art on a Watch Watch App";
			productName = "The Metropolitan Museum of Art on a Watch Watch App";
			productReference = D3DA100A2BBB9307003ADB02 /* The Metropolitan Museum of Art on a Watch Watch App.app */;
			productType = "com.apple.product-type.application";
		};
/* End PBXNativeTarget section */

/* Begin PBXProject section */
		D3DA0FFE2BBB9307003ADB02 /* Project object */ = {
			isa = PBXProject;
			attributes = {
				BuildIndependentTargetsInParallel = 1;
				LastSwiftUpdateCheck = 1530;
				LastUpgradeCheck = 1530;
				TargetAttributes = {
					D3DA10032BBB9307003ADB02 = {
						CreatedOnToolsVersion = 15.3;
					};
					D3DA10092BBB9307003ADB02 = {
						CreatedOnToolsVersion = 15.3;
					};
				};
			};
			buildConfigurationList = D3DA10012BBB9307003ADB02 /* Build configuration list for PBXProject "The Metropolitan Museum of Art on a Watch" */;
			compatibilityVersion = "Xcode 14.0";
			developmentRegion = en;
			hasScannedForEncodings = 0;
			knownRegions = (
				en,
				Base,
			);
			mainGroup = D3DA0FFD2BBB9307003ADB02;
			productRefGroup = D3DA10052BBB9307003ADB02 /* Products */;
			projectDirPath = "";
			projectRoot = "";
			targets = (
				D3DA10032BBB9307003ADB02 /* The Metropolitan Museum of Art on a Watch */,
				D3DA10092BBB9307003ADB02 /* The Metropolitan Museum of Art on a Watch Watch App */,
			);
		};
/* End PBXProject section */

/* Begin PBXResourcesBuildPhase section */
		D3DA10022BBB9307003ADB02 /* Resources */ = {
			isa = PBXResourcesBuildPhase;
			buildActionMask = 2147483647;
			files = (
			);
			runOnlyForDeploymentPostprocessing = 0;
		};
		D3DA10082BBB9307003ADB02 /* Resources */ = {
			isa = PBXResourcesBuildPhase;
			buildActionMask = 2147483647;
			files = (
				D3DA10172BBB9308003ADB02 /* Preview Assets.xcassets in Resources */,
				D3DA10142BBB9308003ADB02 /* Assets.xcassets in Resources */,
			);
			runOnlyForDeploymentPostprocessing = 0;
		};
/* End PBXResourcesBuildPhase section */

/* Begin PBXSourcesBuildPhase section */
		D3DA10062BBB9307003ADB02 /* Sources */ = {
			isa = PBXSourcesBuildPhase;
			buildActionMask = 2147483647;
			files = (
				D3DA10122BBB9307003ADB02 /* ContentView.swift in Sources */,
				D3DA10242BBB9349003ADB02 /* TheMetMuseumAPI.swift in Sources */,
				D3DA10282BBB9355003ADB02 /* Search.swift in Sources */,
				D3DA10102BBB9307003ADB02 /* The_Metropolitan_Museum_of_Art_on_a_WatchApp.swift in Sources */,
				D36DBEFD2BBCE8A400D7CD7D /* DepartmentListView.swift in Sources */,
				D3DA102A2BBB935B003ADB02 /* Objects.swift in Sources */,
				D3EDA7132BBCF62B00EA2B86 /* ObjectDetailView.swift in Sources */,
				D3DA10262BBB9350003ADB02 /* Department.swift in Sources */,
			);
			runOnlyForDeploymentPostprocessing = 0;
		};
/* End PBXSourcesBuildPhase section */

/* Begin PBXTargetDependency section */
		D3DA100D2BBB9307003ADB02 /* PBXTargetDependency */ = {
			isa = PBXTargetDependency;
			target = D3DA10092BBB9307003ADB02 /* The Metropolitan Museum of Art on a Watch Watch App */;
			targetProxy = D3DA100C2BBB9307003ADB02 /* PBXContainerItemProxy */;
		};
/* End PBXTargetDependency section */

/* Begin XCBuildConfiguration section */
		D3DA10182BBB9308003ADB02 /* Debug */ = {
			isa = XCBuildConfiguration;
			buildSettings = {
				ALWAYS_SEARCH_USER_PATHS = NO;
				ASSETCATALOG_COMPILER_GENERATE_SWIFT_ASSET_SYMBOL_EXTENSIONS = YES;
				CLANG_ANALYZER_NONNULL = YES;
				CLANG_ANALYZER_NUMBER_OBJECT_CONVERSION = YES_AGGRESSIVE;
				CLANG_CXX_LANGUAGE_STANDARD = "gnu++20";
				CLANG_ENABLE_MODULES = YES;
				CLANG_ENABLE_OBJC_ARC = YES;
				CLANG_ENABLE_OBJC_WEAK = YES;
				CLANG_WARN_BLOCK_CAPTURE_AUTORELEASING = YES;
				CLANG_WARN_BOOL_CONVERSION = YES;
				CLANG_WARN_COMMA = YES;
				CLANG_WARN_CONSTANT_CONVERSION = YES;
				CLANG_WARN_DEPRECATED_OBJC_IMPLEMENTATIONS = YES;
				CLANG_WARN_DIRECT_OBJC_ISA_USAGE = YES_ERROR;
				CLANG_WARN_DOCUMENTATION_COMMENTS = YES;
				CLANG_WARN_EMPTY_BODY = YES;
				CLANG_WARN_ENUM_CONVERSION = YES;
				CLANG_WARN_INFINITE_RECURSION = YES;
				CLANG_WARN_INT_CONVERSION = YES;
				CLANG_WARN_NON_LITERAL_NULL_CONVERSION = YES;
				CLANG_WARN_OBJC_IMPLICIT_RETAIN_SELF = YES;
				CLANG_WARN_OBJC_LITERAL_CONVERSION = YES;
				CLANG_WARN_OBJC_ROOT_CLASS = YES_ERROR;
				CLANG_WARN_QUOTED_INCLUDE_IN_FRAMEWORK_HEADER = YES;
				CLANG_WARN_RANGE_LOOP_ANALYSIS = YES;
				CLANG_WARN_STRICT_PROTOTYPES = YES;
				CLANG_WARN_SUSPICIOUS_MOVE = YES;
				CLANG_WARN_UNGUARDED_AVAILABILITY = YES_AGGRESSIVE;
				CLANG_WARN_UNREACHABLE_CODE = YES;
				CLANG_WARN__DUPLICATE_METHOD_MATCH = YES;
				COPY_PHASE_STRIP = NO;
				DEBUG_INFORMATION_FORMAT = dwarf;
				ENABLE_STRICT_OBJC_MSGSEND = YES;
				ENABLE_TESTABILITY = YES;
				ENABLE_USER_SCRIPT_SANDBOXING = YES;
				GCC_C_LANGUAGE_STANDARD = gnu17;
				GCC_DYNAMIC_NO_PIC = NO;
				GCC_NO_COMMON_BLOCKS = YES;
				GCC_OPTIMIZATION_LEVEL = 0;
				GCC_PREPROCESSOR_DEFINITIONS = (
					"DEBUG=1",
					"$(inherited)",
				);
				GCC_WARN_64_TO_32_BIT_CONVERSION = YES;
				GCC_WARN_ABOUT_RETURN_TYPE = YES_ERROR;
				GCC_WARN_UNDECLARED_SELECTOR = YES;
				GCC_WARN_UNINITIALIZED_AUTOS = YES_AGGRESSIVE;
				GCC_WARN_UNUSED_FUNCTION = YES;
				GCC_WARN_UNUSED_VARIABLE = YES;
				LOCALIZATION_PREFERS_STRING_CATALOGS = YES;
				MTL_ENABLE_DEBUG_INFO = INCLUDE_SOURCE;
				MTL_FAST_MATH = YES;
				ONLY_ACTIVE_ARCH = YES;
				SWIFT_ACTIVE_COMPILATION_CONDITIONS = "DEBUG $(inherited)";
				SWIFT_OPTIMIZATION_LEVEL = "-Onone";
			};
			name = Debug;
		};
		D3DA10192BBB9308003ADB02 /* Release */ = {
			isa = XCBuildConfiguration;
			buildSettings = {
				ALWAYS_SEARCH_USER_PATHS = NO;
				ASSETCATALOG_COMPILER_GENERATE_SWIFT_ASSET_SYMBOL_EXTENSIONS = YES;
				CLANG_ANALYZER_NONNULL = YES;
				CLANG_ANALYZER_NUMBER_OBJECT_CONVERSION = YES_AGGRESSIVE;
				CLANG_CXX_LANGUAGE_STANDARD = "gnu++20";
				CLANG_ENABLE_MODULES = YES;
				CLANG_ENABLE_OBJC_ARC = YES;
				CLANG_ENABLE_OBJC_WEAK = YES;
				CLANG_WARN_BLOCK_CAPTURE_AUTORELEASING = YES;
				CLANG_WARN_BOOL_CONVERSION = YES;
				CLANG_WARN_COMMA = YES;
				CLANG_WARN_CONSTANT_CONVERSION = YES;
				CLANG_WARN_DEPRECATED_OBJC_IMPLEMENTATIONS = YES;
				CLANG_WARN_DIRECT_OBJC_ISA_USAGE = YES_ERROR;
				CLANG_WARN_DOCUMENTATION_COMMENTS = YES;
				CLANG_WARN_EMPTY_BODY = YES;
				CLANG_WARN_ENUM_CONVERSION = YES;
				CLANG_WARN_INFINITE_RECURSION = YES;
				CLANG_WARN_INT_CONVERSION = YES;
				CLANG_WARN_NON_LITERAL_NULL_CONVERSION = YES;
				CLANG_WARN_OBJC_IMPLICIT_RETAIN_SELF = YES;
				CLANG_WARN_OBJC_LITERAL_CONVERSION = YES;
				CLANG_WARN_OBJC_ROOT_CLASS = YES_ERROR;
				CLANG_WARN_QUOTED_INCLUDE_IN_FRAMEWORK_HEADER = YES;
				CLANG_WARN_RANGE_LOOP_ANALYSIS = YES;
				CLANG_WARN_STRICT_PROTOTYPES = YES;
				CLANG_WARN_SUSPICIOUS_MOVE = YES;
				CLANG_WARN_UNGUARDED_AVAILABILITY = YES_AGGRESSIVE;
				CLANG_WARN_UNREACHABLE_CODE = YES;
				CLANG_WARN__DUPLICATE_METHOD_MATCH = YES;
				COPY_PHASE_STRIP = NO;
				DEBUG_INFORMATION_FORMAT = "dwarf-with-dsym";
				ENABLE_NS_ASSERTIONS = NO;
				ENABLE_STRICT_OBJC_MSGSEND = YES;
				ENABLE_USER_SCRIPT_SANDBOXING = YES;
				GCC_C_LANGUAGE_STANDARD = gnu17;
				GCC_NO_COMMON_BLOCKS = YES;
				GCC_WARN_64_TO_32_BIT_CONVERSION = YES;
				GCC_WARN_ABOUT_RETURN_TYPE = YES_ERROR;
				GCC_WARN_UNDECLARED_SELECTOR = YES;
				GCC_WARN_UNINITIALIZED_AUTOS = YES_AGGRESSIVE;
				GCC_WARN_UNUSED_FUNCTION = YES;
				GCC_WARN_UNUSED_VARIABLE = YES;
				LOCALIZATION_PREFERS_STRING_CATALOGS = YES;
				MTL_ENABLE_DEBUG_INFO = NO;
				MTL_FAST_MATH = YES;
				SWIFT_COMPILATION_MODE = wholemodule;
			};
			name = Release;
		};
		D3DA101B2BBB9308003ADB02 /* Debug */ = {
			isa = XCBuildConfiguration;
			buildSettings = {
				ASSETCATALOG_COMPILER_APPICON_NAME = AppIcon;
				ASSETCATALOG_COMPILER_GLOBAL_ACCENT_COLOR_NAME = AccentColor;
				CODE_SIGN_STYLE = Automatic;
				CURRENT_PROJECT_VERSION = 1;
				DEVELOPMENT_ASSET_PATHS = "\"The Metropolitan Museum of Art on a Watch Watch App/Preview Content\"";
				DEVELOPMENT_TEAM = ZU78LZES28;
				ENABLE_PREVIEWS = YES;
				GENERATE_INFOPLIST_FILE = YES;
				INFOPLIST_KEY_CFBundleDisplayName = "The Metropolitan Museum of Art on a Watch";
				INFOPLIST_KEY_UISupportedInterfaceOrientations = "UIInterfaceOrientationPortrait UIInterfaceOrientationPortraitUpsideDown";
				INFOPLIST_KEY_WKWatchOnly = YES;
				LD_RUNPATH_SEARCH_PATHS = (
					"$(inherited)",
					"@executable_path/Frameworks",
				);
				MARKETING_VERSION = 1.0;
				PRODUCT_BUNDLE_IDENTIFIER = "com.dakotakim.The-Metropolitan-Museum-of-Art-on-a-Watch.watchkitapp";
				PRODUCT_NAME = "$(TARGET_NAME)";
				SDKROOT = watchos;
				SKIP_INSTALL = YES;
				SWIFT_EMIT_LOC_STRINGS = YES;
				SWIFT_VERSION = 5.0;
				TARGETED_DEVICE_FAMILY = 4;
				WATCHOS_DEPLOYMENT_TARGET = 10.0;
			};
			name = Debug;
		};
		D3DA101C2BBB9308003ADB02 /* Release */ = {
			isa = XCBuildConfiguration;
			buildSettings = {
				ASSETCATALOG_COMPILER_APPICON_NAME = AppIcon;
				ASSETCATALOG_COMPILER_GLOBAL_ACCENT_COLOR_NAME = AccentColor;
				CODE_SIGN_STYLE = Automatic;
				CURRENT_PROJECT_VERSION = 1;
				DEVELOPMENT_ASSET_PATHS = "\"The Metropolitan Museum of Art on a Watch Watch App/Preview Content\"";
				DEVELOPMENT_TEAM = ZU78LZES28;
				ENABLE_PREVIEWS = YES;
				GENERATE_INFOPLIST_FILE = YES;
				INFOPLIST_KEY_CFBundleDisplayName = "The Metropolitan Museum of Art on a Watch";
				INFOPLIST_KEY_UISupportedInterfaceOrientations = "UIInterfaceOrientationPortrait UIInterfaceOrientationPortraitUpsideDown";
				INFOPLIST_KEY_WKWatchOnly = YES;
				LD_RUNPATH_SEARCH_PATHS = (
					"$(inherited)",
					"@executable_path/Frameworks",
				);
				MARKETING_VERSION = 1.0;
				PRODUCT_BUNDLE_IDENTIFIER = "com.dakotakim.The-Metropolitan-Museum-of-Art-on-a-Watch.watchkitapp";
				PRODUCT_NAME = "$(TARGET_NAME)";
				SDKROOT = watchos;
				SKIP_INSTALL = YES;
				SWIFT_EMIT_LOC_STRINGS = YES;
				SWIFT_VERSION = 5.0;
				TARGETED_DEVICE_FAMILY = 4;
				VALIDATE_PRODUCT = YES;
				WATCHOS_DEPLOYMENT_TARGET = 10.0;
			};
			name = Release;
		};
		D3DA101F2BBB9308003ADB02 /* Debug */ = {
			isa = XCBuildConfiguration;
			buildSettings = {
				ALWAYS_EMBED_SWIFT_STANDARD_LIBRARIES = YES;
				CODE_SIGN_STYLE = Automatic;
				CURRENT_PROJECT_VERSION = 1;
				DEVELOPMENT_TEAM = ZU78LZES28;
				INFOPLIST_KEY_CFBundleDisplayName = "The Metropolitan Museum of Art on a Watch";
				MARKETING_VERSION = 1.0;
				PRODUCT_BUNDLE_IDENTIFIER = "com.dakotakim.The-Metropolitan-Museum-of-Art-on-a-Watch";
				PRODUCT_NAME = "$(TARGET_NAME)";
				SDKROOT = iphoneos;
				SWIFT_VERSION = 5.0;
			};
			name = Debug;
		};
		D3DA10202BBB9308003ADB02 /* Release */ = {
			isa = XCBuildConfiguration;
			buildSettings = {
				ALWAYS_EMBED_SWIFT_STANDARD_LIBRARIES = YES;
				CODE_SIGN_STYLE = Automatic;
				CURRENT_PROJECT_VERSION = 1;
				DEVELOPMENT_TEAM = ZU78LZES28;
				INFOPLIST_KEY_CFBundleDisplayName = "The Metropolitan Museum of Art on a Watch";
				MARKETING_VERSION = 1.0;
				PRODUCT_BUNDLE_IDENTIFIER = "com.dakotakim.The-Metropolitan-Museum-of-Art-on-a-Watch";
				PRODUCT_NAME = "$(TARGET_NAME)";
				SDKROOT = iphoneos;
				SWIFT_VERSION = 5.0;
				VALIDATE_PRODUCT = YES;
			};
			name = Release;
		};
/* End XCBuildConfiguration section */

/* Begin XCConfigurationList section */
		D3DA10012BBB9307003ADB02 /* Build configuration list for PBXProject "The Metropolitan Museum of Art on a Watch" */ = {
			isa = XCConfigurationList;
			buildConfigurations = (
				D3DA10182BBB9308003ADB02 /* Debug */,
				D3DA10192BBB9308003ADB02 /* Release */,
			);
			defaultConfigurationIsVisible = 0;
			defaultConfigurationName = Release;
		};
		D3DA101A2BBB9308003ADB02 /* Build configuration list for PBXNativeTarget "The Metropolitan Museum of Art on a Watch Watch App" */ = {
			isa = XCConfigurationList;
			buildConfigurations = (
				D3DA101B2BBB9308003ADB02 /* Debug */,
				D3DA101C2BBB9308003ADB02 /* Release */,
			);
			defaultConfigurationIsVisible = 0;
			defaultConfigurationName = Release;
		};
		D3DA101E2BBB9308003ADB02 /* Build configuration list for PBXNativeTarget "The Metropolitan Museum of Art on a Watch" */ = {
			isa = XCConfigurationList;
			buildConfigurations = (
				D3DA101F2BBB9308003ADB02 /* Debug */,
				D3DA10202BBB9308003ADB02 /* Release */,
			);
			defaultConfigurationIsVisible = 0;
			defaultConfigurationName = Release;
		};
/* End XCConfigurationList section */
	};
	rootObject = D3DA0FFE2BBB9307003ADB02 /* Project object */;
}
